
Microsoft Visual Studio Solution File, Format Version 12.00
# Visual Studio Version 17
VisualStudioVersion = 17.3.32929.385
MinimumVisualStudioVersion = 10.0.40219.1
Project("{FAE04EC0-301F-11D3-BF4B-00C04F79EFBC}") = "Car Auction", "Car Auction.csproj", "{300BFA6F-0811-4CAE-AF4B-BB3E42215E7C}"
EndProject
Global
	GlobalSection(SolutionConfigurationPlatforms) = preSolution
		Debug|Any CPU = Debug|Any CPU
		Release|Any CPU = Release|Any CPU
	EndGlobalSection
	GlobalSection(ProjectConfigurationPlatforms) = postSolution
		{300BFA6F-0811-4CAE-AF4B-BB3E42215E7C}.Debug|Any CPU.ActiveCfg = Debug|Any CPU
		{300BFA6F-0811-4CAE-AF4B-BB3E42215E7C}.Debug|Any CPU.Build.0 = Debug|Any CPU
		{300BFA6F-0811-4CAE-AF4B-BB3E42215E7C}.Release|Any CPU.ActiveCfg = Release|Any CPU
		{300BFA6F-0811-4CAE-AF4B-BB3E42215E7C}.Release|Any CPU.Build.0 = Release|Any CPU
	EndGlobalSection
	GlobalSection(SolutionProperties) = preSolution
		HideSolutionNode = FALSE
	EndGlobalSection
	GlobalSection(ExtensibilityGlobals) = postSolution
		SolutionGuid = {C9D98D5D-34BC-459B-8A75-9C2FBA822395}
	EndGlobalSection
EndGlobal
